
Microsoft Visual Studio Solution File, Format Version 12.00
# Visual Studio Version 17
VisualStudioVersion = 17.5.2.0
MinimumVisualStudioVersion = 10.0.40219.1
Project("{FAE04EC0-301F-11D3-BF4B-00C04F79EFBC}") = "DbConnRepro", "DbConnRepro\DbConnRepro.csproj", "{A389A47A-BD2E-6167-8976-56BF74F9231B}"
EndProject
Project("{FAE04EC0-301F-11D3-BF4B-00C04F79EFBC}") = "LoadHarness", "LoadHarness\LoadHarness.csproj", "{9DC35E5A-F619-46A6-8F4C-11381C9D835B}"
EndProject
Global
	GlobalSection(SolutionConfigurationPlatforms) = preSolution
		Debug|Any CPU = Debug|Any CPU
		Debug|x64 = Debug|x64
		Debug|x86 = Debug|x86
		Release|Any CPU = Release|Any CPU
		Release|x64 = Release|x64
		Release|x86 = Release|x86
	EndGlobalSection
	GlobalSection(ProjectConfigurationPlatforms) = postSolution
		{A389A47A-BD2E-6167-8976-56BF74F9231B}.Debug|Any CPU.ActiveCfg = Debug|Any CPU
		{A389A47A-BD2E-6167-8976-56BF74F9231B}.Debug|Any CPU.Build.0 = Debug|Any CPU
		{A389A47A-BD2E-6167-8976-56BF74F9231B}.Debug|x64.ActiveCfg = Debug|Any CPU
		{A389A47A-BD2E-6167-8976-56BF74F9231B}.Debug|x64.Build.0 = Debug|Any CPU
		{A389A47A-BD2E-6167-8976-56BF74F9231B}.Debug|x86.ActiveCfg = Debug|Any CPU
		{A389A47A-BD2E-6167-8976-56BF74F9231B}.Debug|x86.Build.0 = Debug|Any CPU
		{A389A47A-BD2E-6167-8976-56BF74F9231B}.Release|Any CPU.ActiveCfg = Release|Any CPU
		{A389A47A-BD2E-6167-8976-56BF74F9231B}.Release|Any CPU.Build.0 = Release|Any CPU
		{A389A47A-BD2E-6167-8976-56BF74F9231B}.Release|x64.ActiveCfg = Release|Any CPU
		{A389A47A-BD2E-6167-8976-56BF74F9231B}.Release|x64.Build.0 = Release|Any CPU
		{A389A47A-BD2E-6167-8976-56BF74F9231B}.Release|x86.ActiveCfg = Release|Any CPU
		{A389A47A-BD2E-6167-8976-56BF74F9231B}.Release|x86.Build.0 = Release|Any CPU
		{9DC35E5A-F619-46A6-8F4C-11381C9D835B}.Debug|Any CPU.ActiveCfg = Debug|Any CPU
		{9DC35E5A-F619-46A6-8F4C-11381C9D835B}.Debug|Any CPU.Build.0 = Debug|Any CPU
		{9DC35E5A-F619-46A6-8F4C-11381C9D835B}.Debug|x64.ActiveCfg = Debug|Any CPU
		{9DC35E5A-F619-46A6-8F4C-11381C9D835B}.Debug|x64.Build.0 = Debug|Any CPU
		{9DC35E5A-F619-46A6-8F4C-11381C9D835B}.Debug|x86.ActiveCfg = Debug|Any CPU
		{9DC35E5A-F619-46A6-8F4C-11381C9D835B}.Debug|x86.Build.0 = Debug|Any CPU
		{9DC35E5A-F619-46A6-8F4C-11381C9D835B}.Release|Any CPU.ActiveCfg = Release|Any CPU
		{9DC35E5A-F619-46A6-8F4C-11381C9D835B}.Release|Any CPU.Build.0 = Release|Any CPU
		{9DC35E5A-F619-46A6-8F4C-11381C9D835B}.Release|x64.ActiveCfg = Release|Any CPU
		{9DC35E5A-F619-46A6-8F4C-11381C9D835B}.Release|x64.Build.0 = Release|Any CPU
		{9DC35E5A-F619-46A6-8F4C-11381C9D835B}.Release|x86.ActiveCfg = Release|Any CPU
		{9DC35E5A-F619-46A6-8F4C-11381C9D835B}.Release|x86.Build.0 = Release|Any CPU
	EndGlobalSection
	GlobalSection(SolutionProperties) = preSolution
		HideSolutionNode = FALSE
	EndGlobalSection
	GlobalSection(ExtensibilityGlobals) = postSolution
		SolutionGuid = {39E378EB-F3CF-473E-ADCC-2CE309E8E6EE}
	EndGlobalSection
EndGlobal
